
Microsoft Visual Studio Solution File, Format Version 12.00
# Visual Studio Version 16
VisualStudioVersion = 16.0.30626.31
MinimumVisualStudioVersion = 10.0.40219.1
Project("{FAE04EC0-301F-11D3-BF4B-00C04F79EFBC}") = "Sela-Arrays", "Sela-Arrays\Sela-Arrays.csproj", "{235BF751-59F7-4AB7-9C6E-38313778BFE6}"
EndProject
Global
	GlobalSection(SolutionConfigurationPlatforms) = preSolution
		Debug|Any CPU = Debug|Any CPU
		Release|Any CPU = Release|Any CPU
	EndGlobalSection
	GlobalSection(ProjectConfigurationPlatforms) = postSolution
		{235BF751-59F7-4AB7-9C6E-38313778BFE6}.Debug|Any CPU.ActiveCfg = Debug|Any CPU
		{235BF751-59F7-4AB7-9C6E-38313778BFE6}.Debug|Any CPU.Build.0 = Debug|Any CPU
		{235BF751-59F7-4AB7-9C6E-38313778BFE6}.Release|Any CPU.ActiveCfg = Release|Any CPU
		{235BF751-59F7-4AB7-9C6E-38313778BFE6}.Release|Any CPU.Build.0 = Release|Any CPU
	EndGlobalSection
	GlobalSection(SolutionProperties) = preSolution
		HideSolutionNode = FALSE
	EndGlobalSection
	GlobalSection(ExtensibilityGlobals) = postSolution
		SolutionGuid = {A29EBB13-831F-4D83-BECD-69D359630576}
	EndGlobalSection
EndGlobal
